
Microsoft Visual Studio Solution File, Format Version 12.00
# Visual Studio Version 17
VisualStudioVersion = 17.10.34928.147
MinimumVisualStudioVersion = 10.0.40219.1
Project("{FAE04EC0-301F-11D3-BF4B-00C04F79EFBC}") = "secondaryapp", "secondaryapp\secondaryapp.csproj", "{318B9D4B-148F-47E2-AB3D-D2A9F67DEBAD}"
EndProject
Global
	GlobalSection(SolutionConfigurationPlatforms) = preSolution
		Debug|Any CPU = Debug|Any CPU
		Release|Any CPU = Release|Any CPU
	EndGlobalSection
	GlobalSection(ProjectConfigurationPlatforms) = postSolution
		{318B9D4B-148F-47E2-AB3D-D2A9F67DEBAD}.Debug|Any CPU.ActiveCfg = Debug|Any CPU
		{318B9D4B-148F-47E2-AB3D-D2A9F67DEBAD}.Debug|Any CPU.Build.0 = Debug|Any CPU
		{318B9D4B-148F-47E2-AB3D-D2A9F67DEBAD}.Release|Any CPU.ActiveCfg = Release|Any CPU
		{318B9D4B-148F-47E2-AB3D-D2A9F67DEBAD}.Release|Any CPU.Build.0 = Release|Any CPU
	EndGlobalSection
	GlobalSection(SolutionProperties) = preSolution
		HideSolutionNode = FALSE
	EndGlobalSection
	GlobalSection(ExtensibilityGlobals) = postSolution
		SolutionGuid = {B8443413-7CBA-4EDD-AD4C-DAD4211A07DB}
	EndGlobalSection
EndGlobal
